
Microsoft Visual Studio Solution File, Format Version 12.00
# Visual Studio Version 17
VisualStudioVersion = 17.11.35312.102
MinimumVisualStudioVersion = 10.0.40219.1
Project("{FAE04EC0-301F-11D3-BF4B-00C04F79EFBC}") = "ClotheoAPI", "ClotheoAPI\ClotheoAPI.csproj", "{082CDBC2-1188-4361-8FF9-45611950F80A}"
EndProject
Global
	GlobalSection(SolutionConfigurationPlatforms) = preSolution
		Debug|Any CPU = Debug|Any CPU
		Release|Any CPU = Release|Any CPU
	EndGlobalSection
	GlobalSection(ProjectConfigurationPlatforms) = postSolution
		{082CDBC2-1188-4361-8FF9-45611950F80A}.Debug|Any CPU.ActiveCfg = Debug|Any CPU
		{082CDBC2-1188-4361-8FF9-45611950F80A}.Debug|Any CPU.Build.0 = Debug|Any CPU
		{082CDBC2-1188-4361-8FF9-45611950F80A}.Release|Any CPU.ActiveCfg = Release|Any CPU
		{082CDBC2-1188-4361-8FF9-45611950F80A}.Release|Any CPU.Build.0 = Release|Any CPU
	EndGlobalSection
	GlobalSection(SolutionProperties) = preSolution
		HideSolutionNode = FALSE
	EndGlobalSection
	GlobalSection(ExtensibilityGlobals) = postSolution
		SolutionGuid = {18DE8A54-62F8-4DE6-81F6-472B7CF75C48}
	EndGlobalSection
EndGlobal
