
Microsoft Visual Studio Solution File, Format Version 12.00
# Visual Studio Version 17
VisualStudioVersion = 17.11.35312.102
MinimumVisualStudioVersion = 10.0.40219.1
Project("{2150E333-8FDC-42A3-9474-1A3956D46DE8}") = "src", "src", "{02EA681E-C7D8-13C7-8484-4AC65E1B71E8}"
EndProject
Project("{2150E333-8FDC-42A3-9474-1A3956D46DE8}") = "tests", "tests", "{D0BE3DF8-87A5-438E-A42B-494A240DB2B1}"
EndProject
Project("{FAE04EC0-301F-11D3-BF4B-00C04F79EFBC}") = "ClotheoAPI.Presentation", "src\ClotheoAPI.Presentation\ClotheoAPI.Presentation.csproj", "{E716A1D0-2D71-5D75-8D97-C4326AC072EF}"
EndProject
Project("{FAE04EC0-301F-11D3-BF4B-00C04F79EFBC}") = "ClotheoAPI.Application", "src\ClotheoAPI.Application\ClotheoAPI.Application.csproj", "{B91EA5A5-F9B4-4C26-FE49-19D4C8FB5923}"
EndProject
Project("{FAE04EC0-301F-11D3-BF4B-00C04F79EFBC}") = "ClotheoAPI.Infrastructure", "src\ClotheoAPI.Infrastructure\ClotheoAPI.Infrastructure.csproj", "{B3B10A8C-08BC-567A-3C82-2C53D93E87F4}"
EndProject
Project("{FAE04EC0-301F-11D3-BF4B-00C04F79EFBC}") = "ClotheoAPI.Domain", "src\ClotheoAPI.Domain\ClotheoAPI.Domain.csproj", "{14D8BB97-0F61-869A-A3EB-27493D7D6632}"
EndProject
Project("{FAE04EC0-301F-11D3-BF4B-00C04F79EFBC}") = "ClotheoAPI.Application.Tests", "tests\ClotheoAPI.Application.Tests\ClotheoAPI.Application.Tests.csproj", "{1AA13398-50C8-5620-F0AA-02C57AAFA406}"
EndProject
Global
	GlobalSection(SolutionConfigurationPlatforms) = preSolution
		Debug|Any CPU = Debug|Any CPU
		Release|Any CPU = Release|Any CPU
	EndGlobalSection
	GlobalSection(ProjectConfigurationPlatforms) = postSolution
		{E716A1D0-2D71-5D75-8D97-C4326AC072EF}.Debug|Any CPU.ActiveCfg = Debug|Any CPU
		{E716A1D0-2D71-5D75-8D97-C4326AC072EF}.Debug|Any CPU.Build.0 = Debug|Any CPU
		{E716A1D0-2D71-5D75-8D97-C4326AC072EF}.Release|Any CPU.ActiveCfg = Release|Any CPU
		{E716A1D0-2D71-5D75-8D97-C4326AC072EF}.Release|Any CPU.Build.0 = Release|Any CPU
		{B91EA5A5-F9B4-4C26-FE49-19D4C8FB5923}.Debug|Any CPU.ActiveCfg = Debug|Any CPU
		{B91EA5A5-F9B4-4C26-FE49-19D4C8FB5923}.Debug|Any CPU.Build.0 = Debug|Any CPU
		{B91EA5A5-F9B4-4C26-FE49-19D4C8FB5923}.Release|Any CPU.ActiveCfg = Release|Any CPU
		{B91EA5A5-F9B4-4C26-FE49-19D4C8FB5923}.Release|Any CPU.Build.0 = Release|Any CPU
		{B3B10A8C-08BC-567A-3C82-2C53D93E87F4}.Debug|Any CPU.ActiveCfg = Debug|Any CPU
		{B3B10A8C-08BC-567A-3C82-2C53D93E87F4}.Debug|Any CPU.Build.0 = Debug|Any CPU
		{B3B10A8C-08BC-567A-3C82-2C53D93E87F4}.Release|Any CPU.ActiveCfg = Release|Any CPU
		{B3B10A8C-08BC-567A-3C82-2C53D93E87F4}.Release|Any CPU.Build.0 = Release|Any CPU
		{14D8BB97-0F61-869A-A3EB-27493D7D6632}.Debug|Any CPU.ActiveCfg = Debug|Any CPU
		{14D8BB97-0F61-869A-A3EB-27493D7D6632}.Debug|Any CPU.Build.0 = Debug|Any CPU
		{14D8BB97-0F61-869A-A3EB-27493D7D6632}.Release|Any CPU.ActiveCfg = Release|Any CPU
		{14D8BB97-0F61-869A-A3EB-27493D7D6632}.Release|Any CPU.Build.0 = Release|Any CPU
		{1AA13398-50C8-5620-F0AA-02C57AAFA406}.Debug|Any CPU.ActiveCfg = Debug|Any CPU
		{1AA13398-50C8-5620-F0AA-02C57AAFA406}.Debug|Any CPU.Build.0 = Debug|Any CPU
		{1AA13398-50C8-5620-F0AA-02C57AAFA406}.Release|Any CPU.ActiveCfg = Release|Any CPU
		{1AA13398-50C8-5620-F0AA-02C57AAFA406}.Release|Any CPU.Build.0 = Release|Any CPU
	EndGlobalSection
	GlobalSection(SolutionProperties) = preSolution
		HideSolutionNode = FALSE
	EndGlobalSection
	GlobalSection(NestedProjects) = preSolution
		{E716A1D0-2D71-5D75-8D97-C4326AC072EF} = {02EA681E-C7D8-13C7-8484-4AC65E1B71E8}
		{B91EA5A5-F9B4-4C26-FE49-19D4C8FB5923} = {02EA681E-C7D8-13C7-8484-4AC65E1B71E8}
		{B3B10A8C-08BC-567A-3C82-2C53D93E87F4} = {02EA681E-C7D8-13C7-8484-4AC65E1B71E8}
		{14D8BB97-0F61-869A-A3EB-27493D7D6632} = {02EA681E-C7D8-13C7-8484-4AC65E1B71E8}
		{1AA13398-50C8-5620-F0AA-02C57AAFA406} = {D0BE3DF8-87A5-438E-A42B-494A240DB2B1}
	EndGlobalSection
	GlobalSection(ExtensibilityGlobals) = postSolution
		SolutionGuid = {18DE8A54-62F8-4DE6-81F6-472B7CF75C48}
	EndGlobalSection
EndGlobal
